PODS:
  - Alamofire (4.3.0)
  - AlamofireImage (3.2.0):
    - Alamofire (~> 4.1)
  - AlamofireObjectMapper (4.1.0):
    - Alamofire (~> 4.1)
    - ObjectMapper (~> 2.0)
  - AZDropdownMenu (1.1.2)
  - BRYXBanner (0.7.1)
  - DZNEmptyDataSet (1.8.1)
  - ObjectMapper (2.2.4)
  - ObjectMapper+Realm (0.2):
    - ObjectMapper
    - RealmSwift
  - Realm (2.4.3):
    - Realm/Headers (= 2.4.3)
  - Realm/Headers (2.4.3)
  - RealmSwift (2.4.3):
    - Realm (= 2.4.3)
  - RxBlocking (3.2.0):
    - RxSwift (~> 3.1)
  - RxCocoa (3.2.0):
    - RxSwift (~> 3.1)
  - RxSwift (3.2.0)
  - SVProgressHUD (2.0.3)
  - TTZoomTransition (1.0.2)

DEPENDENCIES:
  - Alamofire (~> 4.3)
  - AlamofireImage (~> 3.1)
  - AlamofireObjectMapper
  - AZDropdownMenu
  - BRYXBanner
  - DZNEmptyDataSet
  - ObjectMapper+Realm
  - RealmSwift
  - RxBlocking (~> 3.0)
  - RxCocoa (~> 3.0)
  - RxSwift (~> 3.0)
  - SVProgressHUD
  - TTZoomTransition

SPEC CHECKSUMS:
  Alamofire: 856a113053a7bc9cbe5d6367a555d773fc5cfef7
  AlamofireImage: 157ed682cc81d3b9db4fb90c1f12180ac552d93b
  AlamofireObjectMapper: 435adc82f5b367679bd9e71c4974a54efd0b2521
  AZDropdownMenu: 411c1b445fd29bb1e56b219131aaf294ba21b9b6
  BRYXBanner: 34eabf9c6c009f187948ca78a4f3bba3767d0f04
  DZNEmptyDataSet: 9525833b9e68ac21c30253e1d3d7076cc828eaa7
  ObjectMapper: 81d0e5d7c57129e3e93f29a04bdf9669542b37d2
  ObjectMapper+Realm: 8b45dbfa1be145e311a6f93a306c183d630b40a9
  Realm: e08d60b0048ccccd3949c8c28a92c4db5712d7e9
  RealmSwift: 30d49739ccb3385d201242736ca4dda56aec9dfc
  RxBlocking: ec8ed471ba77b4fb98a2d60f1f8419b0b46eaa23
  RxCocoa: ccdf43101a70407097a29082f648ba1676075b30
  RxSwift: 46574f70d416b7923c237195939cc488a7fbf3a0
  SVProgressHUD: b0830714205bea1317ea1a2ebc71e5633af334d4
  TTZoomTransition: 4dc6a07eac1e4f2c3cd0010a1b43c06e5b107377

PODFILE CHECKSUM: e14e1786d7c142e7ac60af247ae768a5605cb872

COCOAPODS: 1.2.0
