// !$*UTF8*$!
{
	archiveVersion = 1;
	classes = {
	};
	objectVersion = 46;
	objects = {

/* Begin PBXBuildFile section */
		6ABB20334F59B5393C56EC63 /* Pods_iTunesAppsLibrary.framework in Frameworks */ = {isa = PBXBuildFile; fileRef = EA53831F45FE7CC74A84C413 /* Pods_iTunesAppsLibrary.framework */; };
		A06655C91E62382A008D1BB0 /* Coordinator.swift in Sources */ = {isa = PBXBuildFile; fileRef = A06655C81E62382A008D1BB0 /* Coordinator.swift */; };
		A06655CB1E623841008D1BB0 /* BaseCoordinator.swift in Sources */ = {isa = PBXBuildFile; fileRef = A06655CA1E623841008D1BB0 /* BaseCoordinator.swift */; };
		A06655CD1E623884008D1BB0 /* ApplicationCoordinator.swift in Sources */ = {isa = PBXBuildFile; fileRef = A06655CC1E623884008D1BB0 /* ApplicationCoordinator.swift */; };
		A06655D81E624322008D1BB0 /* Storage.swift in Sources */ = {isa = PBXBuildFile; fileRef = A06655D71E624322008D1BB0 /* Storage.swift */; };
		A06655DA1E62447B008D1BB0 /* ApplicationAPI.swift in Sources */ = {isa = PBXBuildFile; fileRef = A06655D91E62447B008D1BB0 /* ApplicationAPI.swift */; };
		A06655DE1E624594008D1BB0 /* Router.swift in Sources */ = {isa = PBXBuildFile; fileRef = A06655DD1E624594008D1BB0 /* Router.swift */; };
		A06655E21E625E66008D1BB0 /* Application.swift in Sources */ = {isa = PBXBuildFile; fileRef = A06655E11E625E66008D1BB0 /* Application.swift */; };
		A06655E41E62618F008D1BB0 /* Image.swift in Sources */ = {isa = PBXBuildFile; fileRef = A06655E31E62618F008D1BB0 /* Image.swift */; };
		A06655E61E6261FC008D1BB0 /* Price.swift in Sources */ = {isa = PBXBuildFile; fileRef = A06655E51E6261FC008D1BB0 /* Price.swift */; };
		A06655E81E62631C008D1BB0 /* Category.swift in Sources */ = {isa = PBXBuildFile; fileRef = A06655E71E62631C008D1BB0 /* Category.swift */; };
		A06655ED1E626CF6008D1BB0 /* ApplicationServer.swift in Sources */ = {isa = PBXBuildFile; fileRef = A06655EC1E626CF6008D1BB0 /* ApplicationServer.swift */; };
		A06655EF1E62709B008D1BB0 /* ApplicationStorage.swift in Sources */ = {isa = PBXBuildFile; fileRef = A06655EE1E62709B008D1BB0 /* ApplicationStorage.swift */; };
		A06655F21E628981008D1BB0 /* ApplicationListViewModel.swift in Sources */ = {isa = PBXBuildFile; fileRef = A06655F11E628981008D1BB0 /* ApplicationListViewModel.swift */; };
		A06655F61E6289A6008D1BB0 /* ApplicationListViewController.swift in Sources */ = {isa = PBXBuildFile; fileRef = A06655F41E6289A6008D1BB0 /* ApplicationListViewController.swift */; };
		A06655F71E6289A6008D1BB0 /* ApplicationListViewController.xib in Resources */ = {isa = PBXBuildFile; fileRef = A06655F51E6289A6008D1BB0 /* ApplicationListViewController.xib */; };
		A06655F91E628A97008D1BB0 /* ApplicationViewModel.swift in Sources */ = {isa = PBXBuildFile; fileRef = A06655F81E628A97008D1BB0 /* ApplicationViewModel.swift */; };
		A0DFCA801E6205C000DFB022 /* AppDelegate.swift in Sources */ = {isa = PBXBuildFile; fileRef = A0DFCA7F1E6205C000DFB022 /* AppDelegate.swift */; };
		A0DFCA8A1E6205C000DFB022 /* Assets.xcassets in Resources */ = {isa = PBXBuildFile; fileRef = A0DFCA891E6205C000DFB022 /* Assets.xcassets */; };
		A0DFCA8D1E6205C000DFB022 /* LaunchScreen.storyboard in Resources */ = {isa = PBXBuildFile; fileRef = A0DFCA8B1E6205C000DFB022 /* LaunchScreen.storyboard */; };
/* End PBXBuildFile section */

/* Begin PBXFileReference section */
		730159D4D0867BBFE3E5A07A /* Pods-iTunesAppsLibrary.release.xcconfig */ = {isa = PBXFileReference; includeInIndex = 1; lastKnownFileType = text.xcconfig; name = "Pods-iTunesAppsLibrary.release.xcconfig"; path = "Pods/Target Support Files/Pods-iTunesAppsLibrary/Pods-iTunesAppsLibrary.release.xcconfig"; sourceTree = "<group>"; };
		8A8F17EC94BEBA5324CBDBF1 /* Pods-iTunesAppsLibrary.debug.xcconfig */ = {isa = PBXFileReference; includeInIndex = 1; lastKnownFileType = text.xcconfig; name = "Pods-iTunesAppsLibrary.debug.xcconfig"; path = "Pods/Target Support Files/Pods-iTunesAppsLibrary/Pods-iTunesAppsLibrary.debug.xcconfig"; sourceTree = "<group>"; };
		A06655C81E62382A008D1BB0 /* Coordinator.swift */ = {isa = PBXFileReference; fileEncoding = 4; lastKnownFileType = sourcecode.swift; path = Coordinator.swift; sourceTree = "<group>"; };
		A06655CA1E623841008D1BB0 /* BaseCoordinator.swift */ = {isa = PBXFileReference; fileEncoding = 4; lastKnownFileType = sourcecode.swift; path = BaseCoordinator.swift; sourceTree = "<group>"; };
		A06655CC1E623884008D1BB0 /* ApplicationCoordinator.swift */ = {isa = PBXFileReference; fileEncoding = 4; lastKnownFileType = sourcecode.swift; path = ApplicationCoordinator.swift; sourceTree = "<group>"; };
		A06655D71E624322008D1BB0 /* Storage.swift */ = {isa = PBXFileReference; fileEncoding = 4; lastKnownFileType = sourcecode.swift; path = Storage.swift; sourceTree = "<group>"; };
		A06655D91E62447B008D1BB0 /* ApplicationAPI.swift */ = {isa = PBXFileReference; fileEncoding = 4; lastKnownFileType = sourcecode.swift; path = ApplicationAPI.swift; sourceTree = "<group>"; };
		A06655DD1E624594008D1BB0 /* Router.swift */ = {isa = PBXFileReference; fileEncoding = 4; lastKnownFileType = sourcecode.swift; name = Router.swift; path = ../Router.swift; sourceTree = "<group>"; };
		A06655E11E625E66008D1BB0 /* Application.swift */ = {isa = PBXFileReference; fileEncoding = 4; lastKnownFileType = sourcecode.swift; path = Application.swift; sourceTree = "<group>"; };
		A06655E31E62618F008D1BB0 /* Image.swift */ = {isa = PBXFileReference; fileEncoding = 4; lastKnownFileType = sourcecode.swift; path = Image.swift; sourceTree = "<group>"; };
		A06655E51E6261FC008D1BB0 /* Price.swift */ = {isa = PBXFileReference; fileEncoding = 4; lastKnownFileType = sourcecode.swift; path = Price.swift; sourceTree = "<group>"; };
		A06655E71E62631C008D1BB0 /* Category.swift */ = {isa = PBXFileReference; fileEncoding = 4; lastKnownFileType = sourcecode.swift; path = Category.swift; sourceTree = "<group>"; };
		A06655EC1E626CF6008D1BB0 /* ApplicationServer.swift */ = {isa = PBXFileReference; fileEncoding = 4; lastKnownFileType = sourcecode.swift; path = ApplicationServer.swift; sourceTree = "<group>"; };
		A06655EE1E62709B008D1BB0 /* ApplicationStorage.swift */ = {isa = PBXFileReference; fileEncoding = 4; lastKnownFileType = sourcecode.swift; path = ApplicationStorage.swift; sourceTree = "<group>"; };
		A06655F11E628981008D1BB0 /* ApplicationListViewModel.swift */ = {isa = PBXFileReference; fileEncoding = 4; lastKnownFileType = sourcecode.swift; path = ApplicationListViewModel.swift; sourceTree = "<group>"; };
		A06655F41E6289A6008D1BB0 /* ApplicationListViewController.swift */ = {isa = PBXFileReference; fileEncoding = 4; lastKnownFileType = sourcecode.swift; path = ApplicationListViewController.swift; sourceTree = "<group>"; };
		A06655F51E6289A6008D1BB0 /* ApplicationListViewController.xib */ = {isa = PBXFileReference; fileEncoding = 4; lastKnownFileType = file.xib; path = ApplicationListViewController.xib; sourceTree = "<group>"; };
		A06655F81E628A97008D1BB0 /* ApplicationViewModel.swift */ = {isa = PBXFileReference; fileEncoding = 4; lastKnownFileType = sourcecode.swift; path = ApplicationViewModel.swift; sourceTree = "<group>"; };
		A0DFCA7C1E6205C000DFB022 /* iTunesAppsLibrary.app */ = {isa = PBXFileReference; explicitFileType = wrapper.application; includeInIndex = 0; path = iTunesAppsLibrary.app; sourceTree = BUILT_PRODUCTS_DIR; };
		A0DFCA7F1E6205C000DFB022 /* AppDelegate.swift */ = {isa = PBXFileReference; lastKnownFileType = sourcecode.swift; path = AppDelegate.swift; sourceTree = "<group>"; };
		A0DFCA891E6205C000DFB022 /* Assets.xcassets */ = {isa = PBXFileReference; lastKnownFileType = folder.assetcatalog; path = Assets.xcassets; sourceTree = "<group>"; };
		A0DFCA8C1E6205C000DFB022 /* Base */ = {isa = PBXFileReference; lastKnownFileType = file.storyboard; name = Base; path = Base.lproj/LaunchScreen.storyboard; sourceTree = "<group>"; };
		A0DFCA8E1E6205C000DFB022 /* Info.plist */ = {isa = PBXFileReference; lastKnownFileType = text.plist.xml; path = Info.plist; sourceTree = "<group>"; };
		EA53831F45FE7CC74A84C413 /* Pods_iTunesAppsLibrary.framework */ = {isa = PBXFileReference; explicitFileType = wrapper.framework; includeInIndex = 0; path = Pods_iTunesAppsLibrary.framework; sourceTree = BUILT_PRODUCTS_DIR; };
/* End PBXFileReference section */

/* Begin PBXFrameworksBuildPhase section */
		A0DFCA791E6205C000DFB022 /* Frameworks */ = {
			isa = PBXFrameworksBuildPhase;
			buildActionMask = 2147483647;
			files = (
				6ABB20334F59B5393C56EC63 /* Pods_iTunesAppsLibrary.framework in Frameworks */,
			);
			runOnlyForDeploymentPostprocessing = 0;
		};
/* End PBXFrameworksBuildPhase section */

/* Begin PBXGroup section */
		332ED37F17C607B8EC842516 /* Frameworks */ = {
			isa = PBXGroup;
			children = (
				EA53831F45FE7CC74A84C413 /* Pods_iTunesAppsLibrary.framework */,
			);
			name = Frameworks;
			sourceTree = "<group>";
		};
		A06655C71E6237EE008D1BB0 /* Coordinator */ = {
			isa = PBXGroup;
			children = (
				A06655C81E62382A008D1BB0 /* Coordinator.swift */,
				A06655CA1E623841008D1BB0 /* BaseCoordinator.swift */,
				A06655CC1E623884008D1BB0 /* ApplicationCoordinator.swift */,
			);
			path = Coordinator;
			sourceTree = "<group>";
		};
		A06655CF1E623A72008D1BB0 /* Application */ = {
			isa = PBXGroup;
			children = (
				A06655F41E6289A6008D1BB0 /* ApplicationListViewController.swift */,
				A06655F51E6289A6008D1BB0 /* ApplicationListViewController.xib */,
			);
			path = Application;
			sourceTree = "<group>";
		};
		A06655D41E6242C5008D1BB0 /* Server */ = {
			isa = PBXGroup;
			children = (
				A06655DD1E624594008D1BB0 /* Router.swift */,
				A06655EC1E626CF6008D1BB0 /* ApplicationServer.swift */,
			);
			path = Server;
			sourceTree = "<group>";
		};
		A06655D61E6242EE008D1BB0 /* CoreData */ = {
			isa = PBXGroup;
			children = (
				A06655D71E624322008D1BB0 /* Storage.swift */,
			);
			path = CoreData;
			sourceTree = "<group>";
		};
		A06655E91E626CAB008D1BB0 /* Local */ = {
			isa = PBXGroup;
			children = (
				A06655EE1E62709B008D1BB0 /* ApplicationStorage.swift */,
			);
			path = Local;
			sourceTree = "<group>";
		};
		A06655F01E628963008D1BB0 /* Application */ = {
			isa = PBXGroup;
			children = (
				A06655F11E628981008D1BB0 /* ApplicationListViewModel.swift */,
				A06655F81E628A97008D1BB0 /* ApplicationViewModel.swift */,
			);
			path = Application;
			sourceTree = "<group>";
		};
		A0DFCA731E6205C000DFB022 = {
			isa = PBXGroup;
			children = (
				A0DFCA7E1E6205C000DFB022 /* iTunesAppsLibrary */,
				A0DFCA7D1E6205C000DFB022 /* Products */,
				FD486AAF3D363268718290E8 /* Pods */,
				332ED37F17C607B8EC842516 /* Frameworks */,
			);
			sourceTree = "<group>";
		};
		A0DFCA7D1E6205C000DFB022 /* Products */ = {
			isa = PBXGroup;
			children = (
				A0DFCA7C1E6205C000DFB022 /* iTunesAppsLibrary.app */,
			);
			name = Products;
			sourceTree = "<group>";
		};
		A0DFCA7E1E6205C000DFB022 /* iTunesAppsLibrary */ = {
			isa = PBXGroup;
			children = (
				A0DFCA951E62099B00DFB022 /* Application */,
				A0DFCA941E62097700DFB022 /* Supporting Files */,
				A0DFCA7F1E6205C000DFB022 /* AppDelegate.swift */,
				A0DFCA8B1E6205C000DFB022 /* LaunchScreen.storyboard */,
			);
			path = iTunesAppsLibrary;
			sourceTree = "<group>";
		};
		A0DFCA941E62097700DFB022 /* Supporting Files */ = {
			isa = PBXGroup;
			children = (
				A0DFCA891E6205C000DFB022 /* Assets.xcassets */,
				A0DFCA8E1E6205C000DFB022 /* Info.plist */,
			);
			name = "Supporting Files";
			sourceTree = "<group>";
		};
		A0DFCA951E62099B00DFB022 /* Application */ = {
			isa = PBXGroup;
			children = (
				A0DFCA961E6209A800DFB022 /* API */,
				A0DFCA981E6209D400DFB022 /* Model */,
				A0DFCAA31E620E0C00DFB022 /* ViewModel */,
				A0DFCAA21E620DF800DFB022 /* View */,
				A0DFCAA41E620E4100DFB022 /* Utils */,
			);
			path = Application;
			sourceTree = "<group>";
		};
		A0DFCA961E6209A800DFB022 /* API */ = {
			isa = PBXGroup;
			children = (
				A06655D91E62447B008D1BB0 /* ApplicationAPI.swift */,
				A06655D41E6242C5008D1BB0 /* Server */,
				A06655E91E626CAB008D1BB0 /* Local */,
			);
			path = API;
			sourceTree = "<group>";
		};
		A0DFCA981E6209D400DFB022 /* Model */ = {
			isa = PBXGroup;
			children = (
				A06655E11E625E66008D1BB0 /* Application.swift */,
				A06655E31E62618F008D1BB0 /* Image.swift */,
				A06655E51E6261FC008D1BB0 /* Price.swift */,
				A06655E71E62631C008D1BB0 /* Category.swift */,
			);
			path = Model;
			sourceTree = "<group>";
		};
		A0DFCAA21E620DF800DFB022 /* View */ = {
			isa = PBXGroup;
			children = (
				A06655C71E6237EE008D1BB0 /* Coordinator */,
				A0DFCAA51E620E8400DFB022 /* Categories */,
				A06655CF1E623A72008D1BB0 /* Application */,
			);
			path = View;
			sourceTree = "<group>";
		};
		A0DFCAA31E620E0C00DFB022 /* ViewModel */ = {
			isa = PBXGroup;
			children = (
				A06655F01E628963008D1BB0 /* Application */,
			);
			path = ViewModel;
			sourceTree = "<group>";
		};
		A0DFCAA41E620E4100DFB022 /* Utils */ = {
			isa = PBXGroup;
			children = (
				A06655D61E6242EE008D1BB0 /* CoreData */,
			);
			path = Utils;
			sourceTree = "<group>";
		};
		A0DFCAA51E620E8400DFB022 /* Categories */ = {
			isa = PBXGroup;
			children = (
			);
			path = Categories;
			sourceTree = "<group>";
		};
		FD486AAF3D363268718290E8 /* Pods */ = {
			isa = PBXGroup;
			children = (
				8A8F17EC94BEBA5324CBDBF1 /* Pods-iTunesAppsLibrary.debug.xcconfig */,
				730159D4D0867BBFE3E5A07A /* Pods-iTunesAppsLibrary.release.xcconfig */,
			);
			name = Pods;
			sourceTree = "<group>";
		};
/* End PBXGroup section */

/* Begin PBXNativeTarget section */
		A0DFCA7B1E6205C000DFB022 /* iTunesAppsLibrary */ = {
			isa = PBXNativeTarget;
			buildConfigurationList = A0DFCA911E6205C000DFB022 /* Build configuration list for PBXNativeTarget "iTunesAppsLibrary" */;
			buildPhases = (
				C4744C5AB39590266C49DDAF /* [CP] Check Pods Manifest.lock */,
				A0DFCA781E6205C000DFB022 /* Sources */,
				A0DFCA791E6205C000DFB022 /* Frameworks */,
				A0DFCA7A1E6205C000DFB022 /* Resources */,
				171BB6B45317A1A6DBB1FF9C /* [CP] Embed Pods Frameworks */,
				AD2F5BACEA353AAA9D683AF7 /* [CP] Copy Pods Resources */,
			);
			buildRules = (
			);
			dependencies = (
			);
			name = iTunesAppsLibrary;
			productName = iTunesAppsLibrary;
			productReference = A0DFCA7C1E6205C000DFB022 /* iTunesAppsLibrary.app */;
			productType = "com.apple.product-type.application";
		};
/* End PBXNativeTarget section */

/* Begin PBXProject section */
		A0DFCA741E6205C000DFB022 /* Project object */ = {
			isa = PBXProject;
			attributes = {
				LastSwiftUpdateCheck = 0820;
				LastUpgradeCheck = 0820;
				ORGANIZATIONNAME = "Arturo Murillo";
				TargetAttributes = {
					A0DFCA7B1E6205C000DFB022 = {
						CreatedOnToolsVersion = 8.2.1;
						ProvisioningStyle = Automatic;
					};
				};
			};
			buildConfigurationList = A0DFCA771E6205C000DFB022 /* Build configuration list for PBXProject "iTunesAppsLibrary" */;
			compatibilityVersion = "Xcode 3.2";
			developmentRegion = English;
			hasScannedForEncodings = 0;
			knownRegions = (
				en,
				Base,
			);
			mainGroup = A0DFCA731E6205C000DFB022;
			productRefGroup = A0DFCA7D1E6205C000DFB022 /* Products */;
			projectDirPath = "";
			projectRoot = "";
			targets = (
				A0DFCA7B1E6205C000DFB022 /* iTunesAppsLibrary */,
			);
		};
/* End PBXProject section */

/* Begin PBXResourcesBuildPhase section */
		A0DFCA7A1E6205C000DFB022 /* Resources */ = {
			isa = PBXResourcesBuildPhase;
			buildActionMask = 2147483647;
			files = (
				A0DFCA8D1E6205C000DFB022 /* LaunchScreen.storyboard in Resources */,
				A0DFCA8A1E6205C000DFB022 /* Assets.xcassets in Resources */,
				A06655F71E6289A6008D1BB0 /* ApplicationListViewController.xib in Resources */,
			);
			runOnlyForDeploymentPostprocessing = 0;
		};
/* End PBXResourcesBuildPhase section */

/* Begin PBXShellScriptBuildPhase section */
		171BB6B45317A1A6DBB1FF9C /* [CP] Embed Pods Frameworks */ = {
			isa = PBXShellScriptBuildPhase;
			buildActionMask = 2147483647;
			files = (
			);
			inputPaths = (
			);
			name = "[CP] Embed Pods Frameworks";
			outputPaths = (
			);
			runOnlyForDeploymentPostprocessing = 0;
			shellPath = /bin/sh;
			shellScript = "\"${SRCROOT}/Pods/Target Support Files/Pods-iTunesAppsLibrary/Pods-iTunesAppsLibrary-frameworks.sh\"\n";
			showEnvVarsInLog = 0;
		};
		AD2F5BACEA353AAA9D683AF7 /* [CP] Copy Pods Resources */ = {
			isa = PBXShellScriptBuildPhase;
			buildActionMask = 2147483647;
			files = (
			);
			inputPaths = (
			);
			name = "[CP] Copy Pods Resources";
			outputPaths = (
			);
			runOnlyForDeploymentPostprocessing = 0;
			shellPath = /bin/sh;
			shellScript = "\"${SRCROOT}/Pods/Target Support Files/Pods-iTunesAppsLibrary/Pods-iTunesAppsLibrary-resources.sh\"\n";
			showEnvVarsInLog = 0;
		};
		C4744C5AB39590266C49DDAF /* [CP] Check Pods Manifest.lock */ = {
			isa = PBXShellScriptBuildPhase;
			buildActionMask = 2147483647;
			files = (
			);
			inputPaths = (
			);
			name = "[CP] Check Pods Manifest.lock";
			outputPaths = (
			);
			runOnlyForDeploymentPostprocessing = 0;
			shellPath = /bin/sh;
			shellScript = "diff \"${PODS_ROOT}/../Podfile.lock\" \"${PODS_ROOT}/Manifest.lock\" > /dev/null\nif [ $? != 0 ] ; then\n    # print error to STDERR\n    echo \"error: The sandbox is not in sync with the Podfile.lock. Run 'pod install' or update your CocoaPods installation.\" >&2\n    exit 1\nfi\n";
			showEnvVarsInLog = 0;
		};
/* End PBXShellScriptBuildPhase section */

/* Begin PBXSourcesBuildPhase section */
		A0DFCA781E6205C000DFB022 /* Sources */ = {
			isa = PBXSourcesBuildPhase;
			buildActionMask = 2147483647;
			files = (
				A06655CB1E623841008D1BB0 /* BaseCoordinator.swift in Sources */,
				A06655C91E62382A008D1BB0 /* Coordinator.swift in Sources */,
				A06655E21E625E66008D1BB0 /* Application.swift in Sources */,
				A06655DE1E624594008D1BB0 /* Router.swift in Sources */,
				A0DFCA801E6205C000DFB022 /* AppDelegate.swift in Sources */,
				A06655F61E6289A6008D1BB0 /* ApplicationListViewController.swift in Sources */,
				A06655F21E628981008D1BB0 /* ApplicationListViewModel.swift in Sources */,
				A06655E61E6261FC008D1BB0 /* Price.swift in Sources */,
				A06655D81E624322008D1BB0 /* Storage.swift in Sources */,
				A06655ED1E626CF6008D1BB0 /* ApplicationServer.swift in Sources */,
				A06655EF1E62709B008D1BB0 /* ApplicationStorage.swift in Sources */,
				A06655CD1E623884008D1BB0 /* ApplicationCoordinator.swift in Sources */,
				A06655F91E628A97008D1BB0 /* ApplicationViewModel.swift in Sources */,
				A06655E81E62631C008D1BB0 /* Category.swift in Sources */,
				A06655DA1E62447B008D1BB0 /* ApplicationAPI.swift in Sources */,
				A06655E41E62618F008D1BB0 /* Image.swift in Sources */,
			);
			runOnlyForDeploymentPostprocessing = 0;
		};
/* End PBXSourcesBuildPhase section */

/* Begin PBXVariantGroup section */
		A0DFCA8B1E6205C000DFB022 /* LaunchScreen.storyboard */ = {
			isa = PBXVariantGroup;
			children = (
				A0DFCA8C1E6205C000DFB022 /* Base */,
			);
			name = LaunchScreen.storyboard;
			sourceTree = "<group>";
		};
/* End PBXVariantGroup section */

/* Begin XCBuildConfiguration section */
		A0DFCA8F1E6205C000DFB022 /* Debug */ = {
			isa = XCBuildConfiguration;
			buildSettings = {
				ALWAYS_SEARCH_USER_PATHS = NO;
				CLANG_ANALYZER_NONNULL = YES;
				CLANG_CXX_LANGUAGE_STANDARD = "gnu++0x";
				CLANG_CXX_LIBRARY = "libc++";
				CLANG_ENABLE_MODULES = YES;
				CLANG_ENABLE_OBJC_ARC = YES;
				CLANG_WARN_BOOL_CONVERSION = YES;
				CLANG_WARN_CONSTANT_CONVERSION = YES;
				CLANG_WARN_DIRECT_OBJC_ISA_USAGE = YES_ERROR;
				CLANG_WARN_DOCUMENTATION_COMMENTS = YES;
				CLANG_WARN_EMPTY_BODY = YES;
				CLANG_WARN_ENUM_CONVERSION = YES;
				CLANG_WARN_INFINITE_RECURSION = YES;
				CLANG_WARN_INT_CONVERSION = YES;
				CLANG_WARN_OBJC_ROOT_CLASS = YES_ERROR;
				CLANG_WARN_SUSPICIOUS_MOVE = YES;
				CLANG_WARN_UNREACHABLE_CODE = YES;
				CLANG_WARN__DUPLICATE_METHOD_MATCH = YES;
				"CODE_SIGN_IDENTITY[sdk=iphoneos*]" = "iPhone Developer";
				COPY_PHASE_STRIP = NO;
				DEBUG_INFORMATION_FORMAT = dwarf;
				ENABLE_STRICT_OBJC_MSGSEND = YES;
				ENABLE_TESTABILITY = YES;
				GCC_C_LANGUAGE_STANDARD = gnu99;
				GCC_DYNAMIC_NO_PIC = NO;
				GCC_NO_COMMON_BLOCKS = YES;
				GCC_OPTIMIZATION_LEVEL = 0;
				GCC_PREPROCESSOR_DEFINITIONS = (
					"DEBUG=1",
					"$(inherited)",
				);
				GCC_WARN_64_TO_32_BIT_CONVERSION = YES;
				GCC_WARN_ABOUT_RETURN_TYPE = YES_ERROR;
				GCC_WARN_UNDECLARED_SELECTOR = YES;
				GCC_WARN_UNINITIALIZED_AUTOS = YES_AGGRESSIVE;
				GCC_WARN_UNUSED_FUNCTION = YES;
				GCC_WARN_UNUSED_VARIABLE = YES;
				IPHONEOS_DEPLOYMENT_TARGET = 10.2;
				MTL_ENABLE_DEBUG_INFO = YES;
				ONLY_ACTIVE_ARCH = YES;
				SDKROOT = iphoneos;
				SWIFT_ACTIVE_COMPILATION_CONDITIONS = DEBUG;
				SWIFT_OPTIMIZATION_LEVEL = "-Onone";
				TARGETED_DEVICE_FAMILY = "1,2";
			};
			name = Debug;
		};
		A0DFCA901E6205C000DFB022 /* Release */ = {
			isa = XCBuildConfiguration;
			buildSettings = {
				ALWAYS_SEARCH_USER_PATHS = NO;
				CLANG_ANALYZER_NONNULL = YES;
				CLANG_CXX_LANGUAGE_STANDARD = "gnu++0x";
				CLANG_CXX_LIBRARY = "libc++";
				CLANG_ENABLE_MODULES = YES;
				CLANG_ENABLE_OBJC_ARC = YES;
				CLANG_WARN_BOOL_CONVERSION = YES;
				CLANG_WARN_CONSTANT_CONVERSION = YES;
				CLANG_WARN_DIRECT_OBJC_ISA_USAGE = YES_ERROR;
				CLANG_WARN_DOCUMENTATION_COMMENTS = YES;
				CLANG_WARN_EMPTY_BODY = YES;
				CLANG_WARN_ENUM_CONVERSION = YES;
				CLANG_WARN_INFINITE_RECURSION = YES;
				CLANG_WARN_INT_CONVERSION = YES;
				CLANG_WARN_OBJC_ROOT_CLASS = YES_ERROR;
				CLANG_WARN_SUSPICIOUS_MOVE = YES;
				CLANG_WARN_UNREACHABLE_CODE = YES;
				CLANG_WARN__DUPLICATE_METHOD_MATCH = YES;
				"CODE_SIGN_IDENTITY[sdk=iphoneos*]" = "iPhone Developer";
				COPY_PHASE_STRIP = NO;
				DEBUG_INFORMATION_FORMAT = "dwarf-with-dsym";
				ENABLE_NS_ASSERTIONS = NO;
				ENABLE_STRICT_OBJC_MSGSEND = YES;
				GCC_C_LANGUAGE_STANDARD = gnu99;
				GCC_NO_COMMON_BLOCKS = YES;
				GCC_WARN_64_TO_32_BIT_CONVERSION = YES;
				GCC_WARN_ABOUT_RETURN_TYPE = YES_ERROR;
				GCC_WARN_UNDECLARED_SELECTOR = YES;
				GCC_WARN_UNINITIALIZED_AUTOS = YES_AGGRESSIVE;
				GCC_WARN_UNUSED_FUNCTION = YES;
				GCC_WARN_UNUSED_VARIABLE = YES;
				IPHONEOS_DEPLOYMENT_TARGET = 10.2;
				MTL_ENABLE_DEBUG_INFO = NO;
				SDKROOT = iphoneos;
				SWIFT_OPTIMIZATION_LEVEL = "-Owholemodule";
				TARGETED_DEVICE_FAMILY = "1,2";
				VALIDATE_PRODUCT = YES;
			};
			name = Release;
		};
		A0DFCA921E6205C000DFB022 /* Debug */ = {
			isa = XCBuildConfiguration;
			baseConfigurationReference = 8A8F17EC94BEBA5324CBDBF1 /* Pods-iTunesAppsLibrary.debug.xcconfig */;
			buildSettings = {
				ASSETCATALOG_COMPILER_APPICON_NAME = AppIcon;
				INFOPLIST_FILE = iTunesAppsLibrary/Info.plist;
				IPHONEOS_DEPLOYMENT_TARGET = 9.0;
				LD_RUNPATH_SEARCH_PATHS = "$(inherited) @executable_path/Frameworks";
				PRODUCT_BUNDLE_IDENTIFIER = AM.iTunesAppsLibrary;
				PRODUCT_NAME = "$(TARGET_NAME)";
				SWIFT_VERSION = 3.0;
				TARGETED_DEVICE_FAMILY = "1,2";
			};
			name = Debug;
		};
		A0DFCA931E6205C000DFB022 /* Release */ = {
			isa = XCBuildConfiguration;
			baseConfigurationReference = 730159D4D0867BBFE3E5A07A /* Pods-iTunesAppsLibrary.release.xcconfig */;
			buildSettings = {
				ASSETCATALOG_COMPILER_APPICON_NAME = AppIcon;
				INFOPLIST_FILE = iTunesAppsLibrary/Info.plist;
				IPHONEOS_DEPLOYMENT_TARGET = 9.0;
				LD_RUNPATH_SEARCH_PATHS = "$(inherited) @executable_path/Frameworks";
				PRODUCT_BUNDLE_IDENTIFIER = AM.iTunesAppsLibrary;
				PRODUCT_NAME = "$(TARGET_NAME)";
				SWIFT_VERSION = 3.0;
				TARGETED_DEVICE_FAMILY = "1,2";
			};
			name = Release;
		};
/* End XCBuildConfiguration section */

/* Begin XCConfigurationList section */
		A0DFCA771E6205C000DFB022 /* Build configuration list for PBXProject "iTunesAppsLibrary" */ = {
			isa = XCConfigurationList;
			buildConfigurations = (
				A0DFCA8F1E6205C000DFB022 /* Debug */,
				A0DFCA901E6205C000DFB022 /* Release */,
			);
			defaultConfigurationIsVisible = 0;
			defaultConfigurationName = Release;
		};
		A0DFCA911E6205C000DFB022 /* Build configuration list for PBXNativeTarget "iTunesAppsLibrary" */ = {
			isa = XCConfigurationList;
			buildConfigurations = (
				A0DFCA921E6205C000DFB022 /* Debug */,
				A0DFCA931E6205C000DFB022 /* Release */,
			);
			defaultConfigurationIsVisible = 0;
			defaultConfigurationName = Release;
		};
/* End XCConfigurationList section */
	};
	rootObject = A0DFCA741E6205C000DFB022 /* Project object */;
}
